
Microsoft Visual Studio Solution File, Format Version 12.00
# Visual Studio Version 17
VisualStudioVersion = 17.14.36301.6
MinimumVisualStudioVersion = 10.0.40219.1
Project("{FAE04EC0-301F-11D3-BF4B-00C04F79EFBC}") = "ECommerceAPI", "ECommerceAPI\ECommerceAPI.csproj", "{4F8E3918-6FDB-42B7-B8C4-C76358694424}"
EndProject
Project("{FAE04EC0-301F-11D3-BF4B-00C04F79EFBC}") = "ECommerce.DAL", "ECommerce.DAL\ECommerce.DAL.csproj", "{ADF63F0A-B856-4A5E-76E0-133FAFA06D14}"
EndProject
Project("{FAE04EC0-301F-11D3-BF4B-00C04F79EFBC}") = "ECommerce.Web", "ECommerce.Web\ECommerce.Web.csproj", "{C4BD9B43-B0C4-4A4D-96EA-233636AE087E}"
EndProject
Project("{FAE04EC0-301F-11D3-BF4B-00C04F79EFBC}") = "ECommerceAPI.Tests", "ECommerceAPI.Tests\ECommerceAPI.Tests.csproj", "{769BDE26-3DF4-4D01-B378-6EABBB03A378}"
EndProject
Global
	GlobalSection(SolutionConfigurationPlatforms) = preSolution
		Debug|Any CPU = Debug|Any CPU
		Release|Any CPU = Release|Any CPU
	EndGlobalSection
	GlobalSection(ProjectConfigurationPlatforms) = postSolution
		{4F8E3918-6FDB-42B7-B8C4-C76358694424}.Debug|Any CPU.ActiveCfg = Debug|Any CPU
		{4F8E3918-6FDB-42B7-B8C4-C76358694424}.Debug|Any CPU.Build.0 = Debug|Any CPU
		{4F8E3918-6FDB-42B7-B8C4-C76358694424}.Release|Any CPU.ActiveCfg = Release|Any CPU
		{4F8E3918-6FDB-42B7-B8C4-C76358694424}.Release|Any CPU.Build.0 = Release|Any CPU
		{ADF63F0A-B856-4A5E-76E0-133FAFA06D14}.Debug|Any CPU.ActiveCfg = Debug|Any CPU
		{ADF63F0A-B856-4A5E-76E0-133FAFA06D14}.Debug|Any CPU.Build.0 = Debug|Any CPU
		{ADF63F0A-B856-4A5E-76E0-133FAFA06D14}.Release|Any CPU.ActiveCfg = Release|Any CPU
		{ADF63F0A-B856-4A5E-76E0-133FAFA06D14}.Release|Any CPU.Build.0 = Release|Any CPU
		{C4BD9B43-B0C4-4A4D-96EA-233636AE087E}.Debug|Any CPU.ActiveCfg = Debug|Any CPU
		{C4BD9B43-B0C4-4A4D-96EA-233636AE087E}.Debug|Any CPU.Build.0 = Debug|Any CPU
		{C4BD9B43-B0C4-4A4D-96EA-233636AE087E}.Release|Any CPU.ActiveCfg = Release|Any CPU
		{C4BD9B43-B0C4-4A4D-96EA-233636AE087E}.Release|Any CPU.Build.0 = Release|Any CPU
		{769BDE26-3DF4-4D01-B378-6EABBB03A378}.Debug|Any CPU.ActiveCfg = Debug|Any CPU
		{769BDE26-3DF4-4D01-B378-6EABBB03A378}.Debug|Any CPU.Build.0 = Debug|Any CPU
		{769BDE26-3DF4-4D01-B378-6EABBB03A378}.Release|Any CPU.ActiveCfg = Release|Any CPU
		{769BDE26-3DF4-4D01-B378-6EABBB03A378}.Release|Any CPU.Build.0 = Release|Any CPU
	EndGlobalSection
	GlobalSection(SolutionProperties) = preSolution
		HideSolutionNode = FALSE
	EndGlobalSection
	GlobalSection(ExtensibilityGlobals) = postSolution
		SolutionGuid = {CC74C813-4B02-40BD-9BBC-C1FEC801120C}
	EndGlobalSection
EndGlobal
